// !$*UTF8*$!
{
	archiveVersion = 1;
	classes = {
	};
	objectVersion = 46;
	objects = {

/* Begin PBXBuildFile section */
		C9036C6D1B05399B00D90BDC /* StructureExtension.swift in Sources */ = {isa = PBXBuildFile; fileRef = C9036C6C1B05399B00D90BDC /* StructureExtension.swift */; };
		C9077D981A11784C00997C0D /* PlexusBNNode.swift in Sources */ = {isa = PBXBuildFile; fileRef = C9077D971A11784C00997C0D /* PlexusBNNode.swift */; };
		C9077D9C1A1178AB00997C0D /* BNNode.swift in Sources */ = {isa = PBXBuildFile; fileRef = C9077D9B1A1178AB00997C0D /* BNNode.swift */; };
		C9077D9E1A117AE200997C0D /* ModelExtension.swift in Sources */ = {isa = PBXBuildFile; fileRef = C9077D9D1A117AE200997C0D /* ModelExtension.swift */; };
		C90E0D0D1A7156D30001833E /* PlexusBNTabView.swift in Sources */ = {isa = PBXBuildFile; fileRef = C90E0D0C1A7156D30001833E /* PlexusBNTabView.swift */; };
		C90EB7D91F9EB832004B379F /* PlexusNodePopoverDetail.swift in Sources */ = {isa = PBXBuildFile; fileRef = C90EB7D81F9EB832004B379F /* PlexusNodePopoverDetail.swift */; };
		C913DCE21A60939D0029E90D /* BNNodeExtension.swift in Sources */ = {isa = PBXBuildFile; fileRef = C913DCE11A60939D0029E90D /* BNNodeExtension.swift */; };
		C91DFBCF1DF0EA220006D3FD /* Plexus.help in Resources */ = {isa = PBXBuildFile; fileRef = C91DFBCE1DF0EA220006D3FD /* Plexus.help */; };
		C9307BB319DCCA3B002AFF07 /* AppDelegate.swift in Sources */ = {isa = PBXBuildFile; fileRef = C9307BB219DCCA3B002AFF07 /* AppDelegate.swift */; };
		C9307BB819DCCA3B002AFF07 /* Plexus.xcdatamodeld in Sources */ = {isa = PBXBuildFile; fileRef = C9307BB619DCCA3B002AFF07 /* Plexus.xcdatamodeld */; };
		C9307BBA19DCCA3B002AFF07 /* Images.xcassets in Resources */ = {isa = PBXBuildFile; fileRef = C9307BB919DCCA3B002AFF07 /* Images.xcassets */; };
		C9307BBD19DCCA3B002AFF07 /* Main.storyboard in Resources */ = {isa = PBXBuildFile; fileRef = C9307BBB19DCCA3B002AFF07 /* Main.storyboard */; };
		C9307BD319DCCD16002AFF07 /* PlexusMainSplitViewController.swift in Sources */ = {isa = PBXBuildFile; fileRef = C9307BD219DCCD16002AFF07 /* PlexusMainSplitViewController.swift */; };
		C9307BD719DCCD51002AFF07 /* PlexusMainWindowController.swift in Sources */ = {isa = PBXBuildFile; fileRef = C9307BD619DCCD51002AFF07 /* PlexusMainWindowController.swift */; };
		C9307BDC19DCD09E002AFF07 /* SpriteKit.framework in Frameworks */ = {isa = PBXBuildFile; fileRef = C9307BDA19DCD09E002AFF07 /* SpriteKit.framework */; };
		C936A70919F1DDD900DFB23C /* Model.swift in Sources */ = {isa = PBXBuildFile; fileRef = C936A70819F1DDD900DFB23C /* Model.swift */; };
		C936A70B19F1DDDA00DFB23C /* Trait.swift in Sources */ = {isa = PBXBuildFile; fileRef = C936A70A19F1DDDA00DFB23C /* Trait.swift */; };
		C936A70D19F1DDDA00DFB23C /* Entry.swift in Sources */ = {isa = PBXBuildFile; fileRef = C936A70C19F1DDDA00DFB23C /* Entry.swift */; };
		C939D9221AD56EE30094CF8D /* CPTXYAxis+SwiftCompat.m in Sources */ = {isa = PBXBuildFile; fileRef = C939D9211AD56EE30094CF8D /* CPTXYAxis+SwiftCompat.m */; };
		C93C67261F9F96A500437EDB /* PlexusPostPopoverDetail.swift in Sources */ = {isa = PBXBuildFile; fileRef = C93C67251F9F96A500437EDB /* PlexusPostPopoverDetail.swift */; };
		C9423AFF19E2FFC200EE109C /* CoreData.framework in Frameworks */ = {isa = PBXBuildFile; fileRef = C9423AFE19E2FFC200EE109C /* CoreData.framework */; };
		C9464CE01B27B8B9005004F0 /* PlexusEntryDetailViewController.swift in Sources */ = {isa = PBXBuildFile; fileRef = C9464CDF1B27B8B9005004F0 /* PlexusEntryDetailViewController.swift */; };
		C9464CEB1B27B8F0005004F0 /* PlexusModelDetailViewController.swift in Sources */ = {isa = PBXBuildFile; fileRef = C9464CEA1B27B8F0005004F0 /* PlexusModelDetailViewController.swift */; };
		C949AE3B1DF0E5E100ECA07B /* Credits.rtf in Resources */ = {isa = PBXBuildFile; fileRef = C949AE3A1DF0E5E100ECA07B /* Credits.rtf */; };
		C94E80731AF03DCF0016F563 /* plexusmath.c in Sources */ = {isa = PBXBuildFile; fileRef = C94E80721AF03DCF0016F563 /* plexusmath.c */; };
		C95A3BBE1B02DBF000825393 /* PlexusStructureViewController.swift in Sources */ = {isa = PBXBuildFile; fileRef = C95A3BBD1B02DBF000825393 /* PlexusStructureViewController.swift */; };
		C96946FC19DF6C8B001CE994 /* Quartz.framework in Frameworks */ = {isa = PBXBuildFile; fileRef = C96946FB19DF6C8B001CE994 /* Quartz.framework */; };
		C969470119DF6D79001CE994 /* PlexusBNScene.swift in Sources */ = {isa = PBXBuildFile; fileRef = C969470019DF6D79001CE994 /* PlexusBNScene.swift */; };
		C969470419DF6DEF001CE994 /* CGPath+Arrow.swift in Sources */ = {isa = PBXBuildFile; fileRef = C969470319DF6DEF001CE994 /* CGPath+Arrow.swift */; };
		C97772F0201FCC1A00570707 /* PlexusCalculationOperation.swift in Sources */ = {isa = PBXBuildFile; fileRef = C97772EF201FCC1A00570707 /* PlexusCalculationOperation.swift */; };
		C97B06EF1A4DE7E100514730 /* PlexusModelTableViewController.swift in Sources */ = {isa = PBXBuildFile; fileRef = C97B06EE1A4DE7E100514730 /* PlexusModelTableViewController.swift */; };
		C98034701AA550CF008B4802 /* NodeLinkExtension.swift in Sources */ = {isa = PBXBuildFile; fileRef = C980346F1AA550CF008B4802 /* NodeLinkExtension.swift */; };
		C98034781AA55192008B4802 /* NodeLink.swift in Sources */ = {isa = PBXBuildFile; fileRef = C98034771AA55192008B4802 /* NodeLink.swift */; };
		C980D6BC1AF828DF00184D66 /* PlexusRunMinTransformer.swift in Sources */ = {isa = PBXBuildFile; fileRef = C980D6BB1AF828DF00184D66 /* PlexusRunMinTransformer.swift */; };
		C99B161D1A71794000554F83 /* PlexusMainSplitView.swift in Sources */ = {isa = PBXBuildFile; fileRef = C99B161C1A71794000554F83 /* PlexusMainSplitView.swift */; };
		C99FF8AF1B03AF80007C6722 /* Structure.swift in Sources */ = {isa = PBXBuildFile; fileRef = C99FF8AE1B03AF80007C6722 /* Structure.swift */; };
		C9A0F3FF1AA10CAE00A476D0 /* PlexusBNSKView.swift in Sources */ = {isa = PBXBuildFile; fileRef = C9A0F3FE1AA10CAE00A476D0 /* PlexusBNSKView.swift */; };
		C9AB85C01A5C3DF900F77E7E /* CPTMutablePlotRange+SwiftCompat.m in Sources */ = {isa = PBXBuildFile; fileRef = C9AB85BF1A5C3DF900F77E7E /* CPTMutablePlotRange+SwiftCompat.m */; };
		C9BFBFBB19EF12E400EF1A86 /* PlexusModelViewController.swift in Sources */ = {isa = PBXBuildFile; fileRef = C9BFBFBA19EF12E400EF1A86 /* PlexusModelViewController.swift */; };
		C9C962DA1E07624800B049FD /* BNGibbs.metal in Sources */ = {isa = PBXBuildFile; fileRef = C9C962D91E07624800B049FD /* BNGibbs.metal */; };
		C9C9C2C11A0AECB200EF0A6A /* EntryExtension.swift in Sources */ = {isa = PBXBuildFile; fileRef = C9C9C2C01A0AECB200EF0A6A /* EntryExtension.swift */; };
		C9CCAE1A1E7B40AC00BD762D /* rand.metal in Sources */ = {isa = PBXBuildFile; fileRef = C9CCAE191E7B40AC00BD762D /* rand.metal */; };
		C9D5B9881A714ABF00B64D5C /* PlexusBNSplitView.swift in Sources */ = {isa = PBXBuildFile; fileRef = C9D5B9871A714ABF00B64D5C /* PlexusBNSplitView.swift */; };
		C9D80BC319E74779003A7575 /* PlexusEntryViewController.swift in Sources */ = {isa = PBXBuildFile; fileRef = C9D80BC219E74779003A7575 /* PlexusEntryViewController.swift */; };
		C9E74A7C1CA326E200A930DD /* CorePlot.framework in Frameworks */ = {isa = PBXBuildFile; fileRef = C9FC76C01BFE2CD5008CA6D0 /* CorePlot.framework */; };
		C9E74A7D1CA3272900A930DD /* CorePlot.framework in CopyFiles */ = {isa = PBXBuildFile; fileRef = C9FC76C01BFE2CD5008CA6D0 /* CorePlot.framework */; settings = {ATTRIBUTES = (CodeSignOnCopy, RemoveHeadersOnCopy, ); }; };
		C9F459041AFA636E00ADB4F4 /* PlexusRunMaxTranformer.swift in Sources */ = {isa = PBXBuildFile; fileRef = C9F459031AFA636E00ADB4F4 /* PlexusRunMaxTranformer.swift */; };
/* End PBXBuildFile section */

/* Begin PBXContainerItemProxy section */
		C90D3EC61D4C14D70079CCCF /* PBXContainerItemProxy */ = {
			isa = PBXContainerItemProxy;
			containerPortal = C9FC76B21BFE2CD4008CA6D0 /* CorePlot.xcodeproj */;
			proxyType = 2;
			remoteGlobalIDString = C37EA6921BC83F2A0091C8F7;
			remoteInfo = "CorePlot tvOS";
		};
		C90D3EC81D4C14D70079CCCF /* PBXContainerItemProxy */ = {
			isa = PBXContainerItemProxy;
			containerPortal = C9FC76B21BFE2CD4008CA6D0 /* CorePlot.xcodeproj */;
			proxyType = 2;
			remoteGlobalIDString = C37EA6B71BC83F2D0091C8F7;
			remoteInfo = "UnitTests tvOS";
		};
		C9FC76BF1BFE2CD5008CA6D0 /* PBXContainerItemProxy */ = {
			isa = PBXContainerItemProxy;
			containerPortal = C9FC76B21BFE2CD4008CA6D0 /* CorePlot.xcodeproj */;
			proxyType = 2;
			remoteGlobalIDString = 8DC2EF5B0486A6940098B216;
			remoteInfo = "CorePlot Mac";
		};
		C9FC76C11BFE2CD5008CA6D0 /* PBXContainerItemProxy */ = {
			isa = PBXContainerItemProxy;
			containerPortal = C9FC76B21BFE2CD4008CA6D0 /* CorePlot.xcodeproj */;
			proxyType = 2;
			remoteGlobalIDString = 0730F600109492D800E95162;
			remoteInfo = "UnitTests Mac";
		};
		C9FC76C31BFE2CD5008CA6D0 /* PBXContainerItemProxy */ = {
			isa = PBXContainerItemProxy;
			containerPortal = C9FC76B21BFE2CD4008CA6D0 /* CorePlot.xcodeproj */;
			proxyType = 2;
			remoteGlobalIDString = C38A09781A46185200D45436;
			remoteInfo = "CorePlot iOS";
		};
		C9FC76C51BFE2CD5008CA6D0 /* PBXContainerItemProxy */ = {
			isa = PBXContainerItemProxy;
			containerPortal = C9FC76B21BFE2CD4008CA6D0 /* CorePlot.xcodeproj */;
			proxyType = 2;
			remoteGlobalIDString = C38A09821A46185300D45436;
			remoteInfo = "UnitTests iOS";
		};
		C9FC76C71BFE2CD5008CA6D0 /* PBXContainerItemProxy */ = {
			isa = PBXContainerItemProxy;
			containerPortal = C9FC76B21BFE2CD4008CA6D0 /* CorePlot.xcodeproj */;
			proxyType = 2;
			remoteGlobalIDString = C38A09BA1A4619A900D45436;
			remoteInfo = "CorePlot-CocoaTouch";
		};
		C9FC76C91BFE2CD5008CA6D0 /* PBXContainerItemProxy */ = {
			isa = PBXContainerItemProxy;
			containerPortal = C9FC76B21BFE2CD4008CA6D0 /* CorePlot.xcodeproj */;
			proxyType = 2;
			remoteGlobalIDString = C38A09C41A4619A900D45436;
			remoteInfo = "CorePlot-CocoaTouchTests";
		};
		C9FC76CB1BFE2D64008CA6D0 /* PBXContainerItemProxy */ = {
			isa = PBXContainerItemProxy;
			containerPortal = C9FC76B21BFE2CD4008CA6D0 /* CorePlot.xcodeproj */;
			proxyType = 1;
			remoteGlobalIDString = 8DC2EF4F0486A6940098B216;
			remoteInfo = "CorePlot Mac";
		};
/* End PBXContainerItemProxy section */

/* Begin PBXCopyFilesBuildPhase section */
		C96DB1B11A8EAFB00087762B /* CopyFiles */ = {
			isa = PBXCopyFilesBuildPhase;
			buildActionMask = 2147483647;
			dstPath = "";
			dstSubfolderSpec = 7;
			files = (
			);
			runOnlyForDeploymentPostprocessing = 0;
		};
		C9716DBC1CA369220065D9A4 /* CopyFiles */ = {
			isa = PBXCopyFilesBuildPhase;
			buildActionMask = 2147483647;
			dstPath = "";
			dstSubfolderSpec = 7;
			files = (
			);
			runOnlyForDeploymentPostprocessing = 0;
		};
		C9FC76CD1BFE2D90008CA6D0 /* CopyFiles */ = {
			isa = PBXCopyFilesBuildPhase;
			buildActionMask = 2147483647;
			dstPath = "";
			dstSubfolderSpec = 10;
			files = (
				C9E74A7D1CA3272900A930DD /* CorePlot.framework in CopyFiles */,
			);
			runOnlyForDeploymentPostprocessing = 0;
		};
/* End PBXCopyFilesBuildPhase section */

/* Begin PBXFileReference section */
		C9036C6C1B05399B00D90BDC /* StructureExtension.swift */ = {isa = PBXFileReference; fileEncoding = 4; lastKnownFileType = sourcecode.swift; path = StructureExtension.swift; sourceTree = "<group>"; };
		C9077D971A11784C00997C0D /* PlexusBNNode.swift */ = {isa = PBXFileReference; fileEncoding = 4; lastKnownFileType = sourcecode.swift; path = PlexusBNNode.swift; sourceTree = "<group>"; };
		C9077D9B1A1178AB00997C0D /* BNNode.swift */ = {isa = PBXFileReference; fileEncoding = 4; lastKnownFileType = sourcecode.swift; path = BNNode.swift; sourceTree = "<group>"; };
		C9077D9D1A117AE200997C0D /* ModelExtension.swift */ = {isa = PBXFileReference; fileEncoding = 4; lastKnownFileType = sourcecode.swift; path = ModelExtension.swift; sourceTree = "<group>"; };
		C90E0D0C1A7156D30001833E /* PlexusBNTabView.swift */ = {isa = PBXFileReference; fileEncoding = 4; lastKnownFileType = sourcecode.swift; path = PlexusBNTabView.swift; sourceTree = "<group>"; };
		C90EB7D81F9EB832004B379F /* PlexusNodePopoverDetail.swift */ = {isa = PBXFileReference; lastKnownFileType = sourcecode.swift; path = PlexusNodePopoverDetail.swift; sourceTree = "<group>"; };
		C913DCE11A60939D0029E90D /* BNNodeExtension.swift */ = {isa = PBXFileReference; fileEncoding = 4; lastKnownFileType = sourcecode.swift; path = BNNodeExtension.swift; sourceTree = "<group>"; };
		C91DFBCE1DF0EA220006D3FD /* Plexus.help */ = {isa = PBXFileReference; lastKnownFileType = folder; path = Plexus.help; sourceTree = "<group>"; };
		C9307BAD19DCCA3B002AFF07 /* Plexus.app */ = {isa = PBXFileReference; explicitFileType = wrapper.application; includeInIndex = 0; path = Plexus.app; sourceTree = BUILT_PRODUCTS_DIR; };
		C9307BB119DCCA3B002AFF07 /* Info.plist */ = {isa = PBXFileReference; lastKnownFileType = text.plist.xml; path = Info.plist; sourceTree = "<group>"; };
		C9307BB219DCCA3B002AFF07 /* AppDelegate.swift */ = {isa = PBXFileReference; lastKnownFileType = sourcecode.swift; path = AppDelegate.swift; sourceTree = "<group>"; };
		C9307BB719DCCA3B002AFF07 /* Plexus.xcdatamodel */ = {isa = PBXFileReference; lastKnownFileType = wrapper.xcdatamodel; path = Plexus.xcdatamodel; sourceTree = "<group>"; };
		C9307BB919DCCA3B002AFF07 /* Images.xcassets */ = {isa = PBXFileReference; lastKnownFileType = folder.assetcatalog; path = Images.xcassets; sourceTree = "<group>"; };
		C9307BBC19DCCA3B002AFF07 /* Base */ = {isa = PBXFileReference; lastKnownFileType = file.storyboard; name = Base; path = Base.lproj/Main.storyboard; sourceTree = "<group>"; };
		C9307BC719DCCA3C002AFF07 /* Info.plist */ = {isa = PBXFileReference; lastKnownFileType = text.plist.xml; path = Info.plist; sourceTree = "<group>"; };
		C9307BC819DCCA3C002AFF07 /* PlexusTests.swift */ = {isa = PBXFileReference; lastKnownFileType = sourcecode.swift; path = PlexusTests.swift; sourceTree = "<group>"; };
		C9307BD219DCCD16002AFF07 /* PlexusMainSplitViewController.swift */ = {isa = PBXFileReference; fileEncoding = 4; lastKnownFileType = sourcecode.swift; path = PlexusMainSplitViewController.swift; sourceTree = "<group>"; };
		C9307BD619DCCD51002AFF07 /* PlexusMainWindowController.swift */ = {isa = PBXFileReference; fileEncoding = 4; lastKnownFileType = sourcecode.swift; path = PlexusMainWindowController.swift; sourceTree = "<group>"; };
		C9307BD919DCD09E002AFF07 /* OpenCL.framework */ = {isa = PBXFileReference; lastKnownFileType = wrapper.framework; name = OpenCL.framework; path = System/Library/Frameworks/OpenCL.framework; sourceTree = SDKROOT; };
		C9307BDA19DCD09E002AFF07 /* SpriteKit.framework */ = {isa = PBXFileReference; lastKnownFileType = wrapper.framework; name = SpriteKit.framework; path = System/Library/Frameworks/SpriteKit.framework; sourceTree = SDKROOT; };
		C936A70819F1DDD900DFB23C /* Model.swift */ = {isa = PBXFileReference; fileEncoding = 4; lastKnownFileType = sourcecode.swift; path = Model.swift; sourceTree = "<group>"; };
		C936A70A19F1DDDA00DFB23C /* Trait.swift */ = {isa = PBXFileReference; fileEncoding = 4; lastKnownFileType = sourcecode.swift; path = Trait.swift; sourceTree = "<group>"; };
		C936A70C19F1DDDA00DFB23C /* Entry.swift */ = {isa = PBXFileReference; fileEncoding = 4; lastKnownFileType = sourcecode.swift; path = Entry.swift; sourceTree = "<group>"; };
		C939D9201AD56EE30094CF8D /* CPTXYAxis+SwiftCompat.h */ = {isa = PBXFileReference; fileEncoding = 4; lastKnownFileType = sourcecode.c.h; path = "CPTXYAxis+SwiftCompat.h"; sourceTree = "<group>"; };
		C939D9211AD56EE30094CF8D /* CPTXYAxis+SwiftCompat.m */ = {isa = PBXFileReference; fileEncoding = 4; lastKnownFileType = sourcecode.c.objc; path = "CPTXYAxis+SwiftCompat.m"; sourceTree = "<group>"; };
		C93C67251F9F96A500437EDB /* PlexusPostPopoverDetail.swift */ = {isa = PBXFileReference; lastKnownFileType = sourcecode.swift; path = PlexusPostPopoverDetail.swift; sourceTree = "<group>"; };
		C9423AFE19E2FFC200EE109C /* CoreData.framework */ = {isa = PBXFileReference; lastKnownFileType = wrapper.framework; name = CoreData.framework; path = System/Library/Frameworks/CoreData.framework; sourceTree = SDKROOT; };
		C9464CDF1B27B8B9005004F0 /* PlexusEntryDetailViewController.swift */ = {isa = PBXFileReference; fileEncoding = 4; lastKnownFileType = sourcecode.swift; path = PlexusEntryDetailViewController.swift; sourceTree = "<group>"; };
		C9464CEA1B27B8F0005004F0 /* PlexusModelDetailViewController.swift */ = {isa = PBXFileReference; fileEncoding = 4; lastKnownFileType = sourcecode.swift; path = PlexusModelDetailViewController.swift; sourceTree = "<group>"; };
		C949AE3A1DF0E5E100ECA07B /* Credits.rtf */ = {isa = PBXFileReference; fileEncoding = 4; lastKnownFileType = text.rtf; path = Credits.rtf; sourceTree = "<group>"; };
		C94E80721AF03DCF0016F563 /* plexusmath.c */ = {isa = PBXFileReference; fileEncoding = 4; lastKnownFileType = sourcecode.c.c; path = plexusmath.c; sourceTree = "<group>"; };
		C95A3BBD1B02DBF000825393 /* PlexusStructureViewController.swift */ = {isa = PBXFileReference; fileEncoding = 4; lastKnownFileType = sourcecode.swift; path = PlexusStructureViewController.swift; sourceTree = "<group>"; };
		C96946FB19DF6C8B001CE994 /* Quartz.framework */ = {isa = PBXFileReference; lastKnownFileType = wrapper.framework; name = Quartz.framework; path = System/Library/Frameworks/Quartz.framework; sourceTree = SDKROOT; };
		C96946FD19DF6CC1001CE994 /* MapKit.framework */ = {isa = PBXFileReference; lastKnownFileType = wrapper.framework; name = MapKit.framework; path = System/Library/Frameworks/MapKit.framework; sourceTree = SDKROOT; };
		C96946FF19DF6CC1001CE994 /* Plexus.entitlements */ = {isa = PBXFileReference; lastKnownFileType = text.xml; path = Plexus.entitlements; sourceTree = "<group>"; };
		C969470019DF6D79001CE994 /* PlexusBNScene.swift */ = {isa = PBXFileReference; fileEncoding = 4; lastKnownFileType = sourcecode.swift; path = PlexusBNScene.swift; sourceTree = "<group>"; };
		C969470319DF6DEF001CE994 /* CGPath+Arrow.swift */ = {isa = PBXFileReference; fileEncoding = 4; lastKnownFileType = sourcecode.swift; path = "CGPath+Arrow.swift"; sourceTree = "<group>"; };
		C97772EF201FCC1A00570707 /* PlexusCalculationOperation.swift */ = {isa = PBXFileReference; lastKnownFileType = sourcecode.swift; path = PlexusCalculationOperation.swift; sourceTree = "<group>"; };
		C97B06EE1A4DE7E100514730 /* PlexusModelTableViewController.swift */ = {isa = PBXFileReference; fileEncoding = 4; lastKnownFileType = sourcecode.swift; path = PlexusModelTableViewController.swift; sourceTree = "<group>"; };
		C980346F1AA550CF008B4802 /* NodeLinkExtension.swift */ = {isa = PBXFileReference; fileEncoding = 4; lastKnownFileType = sourcecode.swift; path = NodeLinkExtension.swift; sourceTree = "<group>"; };
		C98034771AA55192008B4802 /* NodeLink.swift */ = {isa = PBXFileReference; fileEncoding = 4; lastKnownFileType = sourcecode.swift; path = NodeLink.swift; sourceTree = "<group>"; };
		C980D6BB1AF828DF00184D66 /* PlexusRunMinTransformer.swift */ = {isa = PBXFileReference; fileEncoding = 4; lastKnownFileType = sourcecode.swift; path = PlexusRunMinTransformer.swift; sourceTree = "<group>"; };
		C99B161C1A71794000554F83 /* PlexusMainSplitView.swift */ = {isa = PBXFileReference; fileEncoding = 4; lastKnownFileType = sourcecode.swift; path = PlexusMainSplitView.swift; sourceTree = "<group>"; };
		C99FF8AE1B03AF80007C6722 /* Structure.swift */ = {isa = PBXFileReference; fileEncoding = 4; lastKnownFileType = sourcecode.swift; path = Structure.swift; sourceTree = "<group>"; };
		C9A0F3FE1AA10CAE00A476D0 /* PlexusBNSKView.swift */ = {isa = PBXFileReference; fileEncoding = 4; lastKnownFileType = sourcecode.swift; path = PlexusBNSKView.swift; sourceTree = "<group>"; };
		C9AB85BE1A5C3DF900F77E7E /* CPTMutablePlotRange+SwiftCompat.h */ = {isa = PBXFileReference; fileEncoding = 4; lastKnownFileType = sourcecode.c.h; path = "CPTMutablePlotRange+SwiftCompat.h"; sourceTree = "<group>"; };
		C9AB85BF1A5C3DF900F77E7E /* CPTMutablePlotRange+SwiftCompat.m */ = {isa = PBXFileReference; fileEncoding = 4; lastKnownFileType = sourcecode.c.objc; path = "CPTMutablePlotRange+SwiftCompat.m"; sourceTree = "<group>"; };
		C9BFBFBA19EF12E400EF1A86 /* PlexusModelViewController.swift */ = {isa = PBXFileReference; fileEncoding = 4; lastKnownFileType = sourcecode.swift; path = PlexusModelViewController.swift; sourceTree = "<group>"; };
		C9C962D91E07624800B049FD /* BNGibbs.metal */ = {isa = PBXFileReference; fileEncoding = 4; lastKnownFileType = sourcecode.metal; path = BNGibbs.metal; sourceTree = "<group>"; };
		C9C9C2C01A0AECB200EF0A6A /* EntryExtension.swift */ = {isa = PBXFileReference; fileEncoding = 4; lastKnownFileType = sourcecode.swift; path = EntryExtension.swift; sourceTree = "<group>"; };
		C9CCAE181E7B408B00BD762D /* rand.h */ = {isa = PBXFileReference; fileEncoding = 4; lastKnownFileType = sourcecode.c.h; path = rand.h; sourceTree = "<group>"; };
		C9CCAE191E7B40AC00BD762D /* rand.metal */ = {isa = PBXFileReference; fileEncoding = 4; lastKnownFileType = sourcecode.metal; path = rand.metal; sourceTree = "<group>"; };
		C9D5B9871A714ABF00B64D5C /* PlexusBNSplitView.swift */ = {isa = PBXFileReference; fileEncoding = 4; lastKnownFileType = sourcecode.swift; path = PlexusBNSplitView.swift; sourceTree = "<group>"; };
		C9D80BC219E74779003A7575 /* PlexusEntryViewController.swift */ = {isa = PBXFileReference; fileEncoding = 4; lastKnownFileType = sourcecode.swift; path = PlexusEntryViewController.swift; sourceTree = "<group>"; };
		C9F459031AFA636E00ADB4F4 /* PlexusRunMaxTranformer.swift */ = {isa = PBXFileReference; fileEncoding = 4; lastKnownFileType = sourcecode.swift; path = PlexusRunMaxTranformer.swift; sourceTree = "<group>"; };
		C9FC76B21BFE2CD4008CA6D0 /* CorePlot.xcodeproj */ = {isa = PBXFileReference; lastKnownFileType = "wrapper.pb-project"; name = CorePlot.xcodeproj; path = "../core-plot/framework/CorePlot.xcodeproj"; sourceTree = "<group>"; };
		C9FFB2951A561E7900DC79A2 /* Bridging-Header.h */ = {isa = PBXFileReference; fileEncoding = 4; lastKnownFileType = sourcecode.c.h; path = "Bridging-Header.h"; sourceTree = "<group>"; };
/* End PBXFileReference section */

/* Begin PBXFrameworksBuildPhase section */
		C9307BAA19DCCA3B002AFF07 /* Frameworks */ = {
			isa = PBXFrameworksBuildPhase;
			buildActionMask = 2147483647;
			files = (
				C9E74A7C1CA326E200A930DD /* CorePlot.framework in Frameworks */,
				C9423AFF19E2FFC200EE109C /* CoreData.framework in Frameworks */,
				C96946FC19DF6C8B001CE994 /* Quartz.framework in Frameworks */,
				C9307BDC19DCD09E002AFF07 /* SpriteKit.framework in Frameworks */,
			);
			runOnlyForDeploymentPostprocessing = 0;
		};
/* End PBXFrameworksBuildPhase section */

/* Begin PBXGroup section */
		C92E917C1DF0C9B0005370A5 /* Resources */ = {
			isa = PBXGroup;
			children = (
				C91DFBCE1DF0EA220006D3FD /* Plexus.help */,
				C949AE3A1DF0E5E100ECA07B /* Credits.rtf */,
			);
			name = Resources;
			sourceTree = "<group>";
		};
		C9307BA419DCCA3B002AFF07 = {
			isa = PBXGroup;
			children = (
				C9FC76B21BFE2CD4008CA6D0 /* CorePlot.xcodeproj */,
				C9307BAF19DCCA3B002AFF07 /* Plexus */,
				C9307BC519DCCA3C002AFF07 /* PlexusTests */,
				C9307BAE19DCCA3B002AFF07 /* Products */,
			);
			sourceTree = "<group>";
		};
		C9307BAE19DCCA3B002AFF07 /* Products */ = {
			isa = PBXGroup;
			children = (
				C9307BAD19DCCA3B002AFF07 /* Plexus.app */,
			);
			name = Products;
			sourceTree = "<group>";
		};
		C9307BAF19DCCA3B002AFF07 /* Plexus */ = {
			isa = PBXGroup;
			children = (
				C96946FF19DF6CC1001CE994 /* Plexus.entitlements */,
				C9307BB219DCCA3B002AFF07 /* AppDelegate.swift */,
				C9307BB919DCCA3B002AFF07 /* Images.xcassets */,
				C9307BBB19DCCA3B002AFF07 /* Main.storyboard */,
				C9307BD619DCCD51002AFF07 /* PlexusMainWindowController.swift */,
				C9307BD519DCCD1A002AFF07 /* View Controllers */,
				C96059CF1A9636A90046A8C8 /* Classes */,
				C97EAD1719EEECEF0004FF42 /* Models */,
				C9B4AC9219DDF02F00B95662 /* Views */,
				C92E917C1DF0C9B0005370A5 /* Resources */,
				C9307BB019DCCA3B002AFF07 /* Supporting Files */,
			);
			path = Plexus;
			sourceTree = "<group>";
		};
		C9307BB019DCCA3B002AFF07 /* Supporting Files */ = {
			isa = PBXGroup;
			children = (
				C9C962D91E07624800B049FD /* BNGibbs.metal */,
				C9CCAE181E7B408B00BD762D /* rand.h */,
				C9CCAE191E7B40AC00BD762D /* rand.metal */,
				C9423AFE19E2FFC200EE109C /* CoreData.framework */,
				C96946FD19DF6CC1001CE994 /* MapKit.framework */,
				C96946FB19DF6C8B001CE994 /* Quartz.framework */,
				C9307BD919DCD09E002AFF07 /* OpenCL.framework */,
				C9307BDA19DCD09E002AFF07 /* SpriteKit.framework */,
				C9307BB119DCCA3B002AFF07 /* Info.plist */,
				C969470319DF6DEF001CE994 /* CGPath+Arrow.swift */,
				C980D6BB1AF828DF00184D66 /* PlexusRunMinTransformer.swift */,
				C9F459031AFA636E00ADB4F4 /* PlexusRunMaxTranformer.swift */,
				C9FFB2951A561E7900DC79A2 /* Bridging-Header.h */,
				C939D9201AD56EE30094CF8D /* CPTXYAxis+SwiftCompat.h */,
				C939D9211AD56EE30094CF8D /* CPTXYAxis+SwiftCompat.m */,
				C9AB85BE1A5C3DF900F77E7E /* CPTMutablePlotRange+SwiftCompat.h */,
				C9AB85BF1A5C3DF900F77E7E /* CPTMutablePlotRange+SwiftCompat.m */,
				C94E80721AF03DCF0016F563 /* plexusmath.c */,
			);
			name = "Supporting Files";
			sourceTree = "<group>";
		};
		C9307BC519DCCA3C002AFF07 /* PlexusTests */ = {
			isa = PBXGroup;
			children = (
				C9307BC819DCCA3C002AFF07 /* PlexusTests.swift */,
				C9307BC619DCCA3C002AFF07 /* Supporting Files */,
			);
			path = PlexusTests;
			sourceTree = "<group>";
		};
		C9307BC619DCCA3C002AFF07 /* Supporting Files */ = {
			isa = PBXGroup;
			children = (
				C9307BC719DCCA3C002AFF07 /* Info.plist */,
			);
			name = "Supporting Files";
			sourceTree = "<group>";
		};
		C9307BD519DCCD1A002AFF07 /* View Controllers */ = {
			isa = PBXGroup;
			children = (
				C9307BD219DCCD16002AFF07 /* PlexusMainSplitViewController.swift */,
				C95A3BBD1B02DBF000825393 /* PlexusStructureViewController.swift */,
				C9D80BC219E74779003A7575 /* PlexusEntryViewController.swift */,
				C9464CDF1B27B8B9005004F0 /* PlexusEntryDetailViewController.swift */,
				C9BFBFBA19EF12E400EF1A86 /* PlexusModelViewController.swift */,
				C9464CEA1B27B8F0005004F0 /* PlexusModelDetailViewController.swift */,
				C97B06EE1A4DE7E100514730 /* PlexusModelTableViewController.swift */,
				C90EB7D81F9EB832004B379F /* PlexusNodePopoverDetail.swift */,
				C93C67251F9F96A500437EDB /* PlexusPostPopoverDetail.swift */,
			);
			name = "View Controllers";
			sourceTree = "<group>";
		};
		C96059CF1A9636A90046A8C8 /* Classes */ = {
			isa = PBXGroup;
			children = (
				C97772EF201FCC1A00570707 /* PlexusCalculationOperation.swift */,
			);
			name = Classes;
			sourceTree = "<group>";
		};
		C97EAD1719EEECEF0004FF42 /* Models */ = {
			isa = PBXGroup;
			children = (
				C9307BB619DCCA3B002AFF07 /* Plexus.xcdatamodeld */,
				C99FF8AE1B03AF80007C6722 /* Structure.swift */,
				C9036C6C1B05399B00D90BDC /* StructureExtension.swift */,
				C98034771AA55192008B4802 /* NodeLink.swift */,
				C980346F1AA550CF008B4802 /* NodeLinkExtension.swift */,
				C936A70C19F1DDDA00DFB23C /* Entry.swift */,
				C9C9C2C01A0AECB200EF0A6A /* EntryExtension.swift */,
				C936A70A19F1DDDA00DFB23C /* Trait.swift */,
				C936A70819F1DDD900DFB23C /* Model.swift */,
				C9077D9D1A117AE200997C0D /* ModelExtension.swift */,
				C9077D9B1A1178AB00997C0D /* BNNode.swift */,
				C913DCE11A60939D0029E90D /* BNNodeExtension.swift */,
			);
			name = Models;
			sourceTree = "<group>";
		};
		C9B4AC9219DDF02F00B95662 /* Views */ = {
			isa = PBXGroup;
			children = (
				C969470019DF6D79001CE994 /* PlexusBNScene.swift */,
				C9077D971A11784C00997C0D /* PlexusBNNode.swift */,
				C9D5B9871A714ABF00B64D5C /* PlexusBNSplitView.swift */,
				C90E0D0C1A7156D30001833E /* PlexusBNTabView.swift */,
				C99B161C1A71794000554F83 /* PlexusMainSplitView.swift */,
				C9A0F3FE1AA10CAE00A476D0 /* PlexusBNSKView.swift */,
			);
			name = Views;
			sourceTree = "<group>";
		};
		C9FC76B31BFE2CD4008CA6D0 /* Products */ = {
			isa = PBXGroup;
			children = (
				C9FC76C01BFE2CD5008CA6D0 /* CorePlot.framework */,
				C9FC76C21BFE2CD5008CA6D0 /* UnitTests.xctest */,
				C9FC76C41BFE2CD5008CA6D0 /* CorePlot.framework */,
				C9FC76C61BFE2CD5008CA6D0 /* UnitTests iOS.xctest */,
				C9FC76C81BFE2CD5008CA6D0 /* libCorePlot-CocoaTouch.a */,
				C9FC76CA1BFE2CD5008CA6D0 /* CorePlot-CocoaTouchTests.xctest */,
				C90D3EC71D4C14D70079CCCF /* CorePlot.framework */,
				C90D3EC91D4C14D70079CCCF /* UnitTests tvOS.xctest */,
			);
			name = Products;
			sourceTree = "<group>";
		};
/* End PBXGroup section */

/* Begin PBXNativeTarget section */
		C9307BAC19DCCA3B002AFF07 /* Plexus */ = {
			isa = PBXNativeTarget;
			buildConfigurationList = C9307BCC19DCCA3C002AFF07 /* Build configuration list for PBXNativeTarget "Plexus" */;
			buildPhases = (
				C9307BA919DCCA3B002AFF07 /* Sources */,
				C9307BAA19DCCA3B002AFF07 /* Frameworks */,
				C9307BAB19DCCA3B002AFF07 /* Resources */,
				C96DB1B11A8EAFB00087762B /* CopyFiles */,
				C9FC76CD1BFE2D90008CA6D0 /* CopyFiles */,
				C9716DBC1CA369220065D9A4 /* CopyFiles */,
			);
			buildRules = (
			);
			dependencies = (
				C9FC76CC1BFE2D64008CA6D0 /* PBXTargetDependency */,
			);
			name = Plexus;
			productName = Plexus;
			productReference = C9307BAD19DCCA3B002AFF07 /* Plexus.app */;
			productType = "com.apple.product-type.application";
		};
/* End PBXNativeTarget section */

/* Begin PBXProject section */
		C9307BA519DCCA3B002AFF07 /* Project object */ = {
			isa = PBXProject;
			attributes = {
				LastSwiftMigration = 0700;
				LastSwiftUpdateCheck = 0700;
				LastUpgradeCheck = 0920;
				ORGANIZATIONNAME = "Santa Clara University";
				TargetAttributes = {
					C9307BAC19DCCA3B002AFF07 = {
						CreatedOnToolsVersion = 6.1;
						DevelopmentTeam = 2ZV6Q2H5B8;
						LastSwiftMigration = 0800;
						ProvisioningStyle = Automatic;
						SystemCapabilities = {
							com.apple.Maps.Mac = {
								enabled = 0;
							};
						};
					};
				};
			};
			buildConfigurationList = C9307BA819DCCA3B002AFF07 /* Build configuration list for PBXProject "Plexus" */;
			compatibilityVersion = "Xcode 3.2";
			developmentRegion = English;
			hasScannedForEncodings = 0;
			knownRegions = (
				en,
				Base,
			);
			mainGroup = C9307BA419DCCA3B002AFF07;
			productRefGroup = C9307BAE19DCCA3B002AFF07 /* Products */;
			projectDirPath = "";
			projectReferences = (
				{
					ProductGroup = C9FC76B31BFE2CD4008CA6D0 /* Products */;
					ProjectRef = C9FC76B21BFE2CD4008CA6D0 /* CorePlot.xcodeproj */;
				},
			);
			projectRoot = "";
			targets = (
				C9307BAC19DCCA3B002AFF07 /* Plexus */,
			);
		};
/* End PBXProject section */

/* Begin PBXReferenceProxy section */
		C90D3EC71D4C14D70079CCCF /* CorePlot.framework */ = {
			isa = PBXReferenceProxy;
			fileType = wrapper.framework;
			path = CorePlot.framework;
			remoteRef = C90D3EC61D4C14D70079CCCF /* PBXContainerItemProxy */;
			sourceTree = BUILT_PRODUCTS_DIR;
		};
		C90D3EC91D4C14D70079CCCF /* UnitTests tvOS.xctest */ = {
			isa = PBXReferenceProxy;
			fileType = wrapper.cfbundle;
			path = "UnitTests tvOS.xctest";
			remoteRef = C90D3EC81D4C14D70079CCCF /* PBXContainerItemProxy */;
			sourceTree = BUILT_PRODUCTS_DIR;
		};
		C9FC76C01BFE2CD5008CA6D0 /* CorePlot.framework */ = {
			isa = PBXReferenceProxy;
			fileType = wrapper.framework;
			path = CorePlot.framework;
			remoteRef = C9FC76BF1BFE2CD5008CA6D0 /* PBXContainerItemProxy */;
			sourceTree = BUILT_PRODUCTS_DIR;
		};
		C9FC76C21BFE2CD5008CA6D0 /* UnitTests.xctest */ = {
			isa = PBXReferenceProxy;
			fileType = wrapper.cfbundle;
			path = UnitTests.xctest;
			remoteRef = C9FC76C11BFE2CD5008CA6D0 /* PBXContainerItemProxy */;
			sourceTree = BUILT_PRODUCTS_DIR;
		};
		C9FC76C41BFE2CD5008CA6D0 /* CorePlot.framework */ = {
			isa = PBXReferenceProxy;
			fileType = wrapper.framework;
			path = CorePlot.framework;
			remoteRef = C9FC76C31BFE2CD5008CA6D0 /* PBXContainerItemProxy */;
			sourceTree = BUILT_PRODUCTS_DIR;
		};
		C9FC76C61BFE2CD5008CA6D0 /* UnitTests iOS.xctest */ = {
			isa = PBXReferenceProxy;
			fileType = wrapper.cfbundle;
			path = "UnitTests iOS.xctest";
			remoteRef = C9FC76C51BFE2CD5008CA6D0 /* PBXContainerItemProxy */;
			sourceTree = BUILT_PRODUCTS_DIR;
		};
		C9FC76C81BFE2CD5008CA6D0 /* libCorePlot-CocoaTouch.a */ = {
			isa = PBXReferenceProxy;
			fileType = archive.ar;
			path = "libCorePlot-CocoaTouch.a";
			remoteRef = C9FC76C71BFE2CD5008CA6D0 /* PBXContainerItemProxy */;
			sourceTree = BUILT_PRODUCTS_DIR;
		};
		C9FC76CA1BFE2CD5008CA6D0 /* CorePlot-CocoaTouchTests.xctest */ = {
			isa = PBXReferenceProxy;
			fileType = wrapper.cfbundle;
			path = "CorePlot-CocoaTouchTests.xctest";
			remoteRef = C9FC76C91BFE2CD5008CA6D0 /* PBXContainerItemProxy */;
			sourceTree = BUILT_PRODUCTS_DIR;
		};
/* End PBXReferenceProxy section */

/* Begin PBXResourcesBuildPhase section */
		C9307BAB19DCCA3B002AFF07 /* Resources */ = {
			isa = PBXResourcesBuildPhase;
			buildActionMask = 2147483647;
			files = (
				C9307BBA19DCCA3B002AFF07 /* Images.xcassets in Resources */,
				C949AE3B1DF0E5E100ECA07B /* Credits.rtf in Resources */,
				C9307BBD19DCCA3B002AFF07 /* Main.storyboard in Resources */,
				C91DFBCF1DF0EA220006D3FD /* Plexus.help in Resources */,
			);
			runOnlyForDeploymentPostprocessing = 0;
		};
/* End PBXResourcesBuildPhase section */

/* Begin PBXSourcesBuildPhase section */
		C9307BA919DCCA3B002AFF07 /* Sources */ = {
			isa = PBXSourcesBuildPhase;
			buildActionMask = 2147483647;
			files = (
				C936A70D19F1DDDA00DFB23C /* Entry.swift in Sources */,
				C9307BB319DCCA3B002AFF07 /* AppDelegate.swift in Sources */,
				C9077D9C1A1178AB00997C0D /* BNNode.swift in Sources */,
				C93C67261F9F96A500437EDB /* PlexusPostPopoverDetail.swift in Sources */,
				C95A3BBE1B02DBF000825393 /* PlexusStructureViewController.swift in Sources */,
				C9077D981A11784C00997C0D /* PlexusBNNode.swift in Sources */,
				C9307BB819DCCA3B002AFF07 /* Plexus.xcdatamodeld in Sources */,
				C99B161D1A71794000554F83 /* PlexusMainSplitView.swift in Sources */,
				C99FF8AF1B03AF80007C6722 /* Structure.swift in Sources */,
				C9077D9E1A117AE200997C0D /* ModelExtension.swift in Sources */,
				C913DCE21A60939D0029E90D /* BNNodeExtension.swift in Sources */,
				C90E0D0D1A7156D30001833E /* PlexusBNTabView.swift in Sources */,
				C9C962DA1E07624800B049FD /* BNGibbs.metal in Sources */,
				C94E80731AF03DCF0016F563 /* plexusmath.c in Sources */,
				C97772F0201FCC1A00570707 /* PlexusCalculationOperation.swift in Sources */,
				C9D5B9881A714ABF00B64D5C /* PlexusBNSplitView.swift in Sources */,
				C936A70B19F1DDDA00DFB23C /* Trait.swift in Sources */,
				C936A70919F1DDD900DFB23C /* Model.swift in Sources */,
				C9A0F3FF1AA10CAE00A476D0 /* PlexusBNSKView.swift in Sources */,
				C939D9221AD56EE30094CF8D /* CPTXYAxis+SwiftCompat.m in Sources */,
				C9BFBFBB19EF12E400EF1A86 /* PlexusModelViewController.swift in Sources */,
				C9307BD719DCCD51002AFF07 /* PlexusMainWindowController.swift in Sources */,
				C9464CE01B27B8B9005004F0 /* PlexusEntryDetailViewController.swift in Sources */,
				C9D80BC319E74779003A7575 /* PlexusEntryViewController.swift in Sources */,
				C97B06EF1A4DE7E100514730 /* PlexusModelTableViewController.swift in Sources */,
				C969470119DF6D79001CE994 /* PlexusBNScene.swift in Sources */,
				C9CCAE1A1E7B40AC00BD762D /* rand.metal in Sources */,
				C9F459041AFA636E00ADB4F4 /* PlexusRunMaxTranformer.swift in Sources */,
				C9464CEB1B27B8F0005004F0 /* PlexusModelDetailViewController.swift in Sources */,
				C9AB85C01A5C3DF900F77E7E /* CPTMutablePlotRange+SwiftCompat.m in Sources */,
				C98034781AA55192008B4802 /* NodeLink.swift in Sources */,
				C969470419DF6DEF001CE994 /* CGPath+Arrow.swift in Sources */,
				C98034701AA550CF008B4802 /* NodeLinkExtension.swift in Sources */,
				C980D6BC1AF828DF00184D66 /* PlexusRunMinTransformer.swift in Sources */,
				C9C9C2C11A0AECB200EF0A6A /* EntryExtension.swift in Sources */,
				C90EB7D91F9EB832004B379F /* PlexusNodePopoverDetail.swift in Sources */,
				C9036C6D1B05399B00D90BDC /* StructureExtension.swift in Sources */,
				C9307BD319DCCD16002AFF07 /* PlexusMainSplitViewController.swift in Sources */,
			);
			runOnlyForDeploymentPostprocessing = 0;
		};
/* End PBXSourcesBuildPhase section */

/* Begin PBXTargetDependency section */
		C9FC76CC1BFE2D64008CA6D0 /* PBXTargetDependency */ = {
			isa = PBXTargetDependency;
			name = "CorePlot Mac";
			targetProxy = C9FC76CB1BFE2D64008CA6D0 /* PBXContainerItemProxy */;
		};
/* End PBXTargetDependency section */

/* Begin PBXVariantGroup section */
		C9307BBB19DCCA3B002AFF07 /* Main.storyboard */ = {
			isa = PBXVariantGroup;
			children = (
				C9307BBC19DCCA3B002AFF07 /* Base */,
			);
			name = Main.storyboard;
			sourceTree = "<group>";
		};
/* End PBXVariantGroup section */

/* Begin XCBuildConfiguration section */
		C9307BCA19DCCA3C002AFF07 /* Debug */ = {
			isa = XCBuildConfiguration;
			buildSettings = {
				ALWAYS_SEARCH_USER_PATHS = NO;
				CLANG_CXX_LANGUAGE_STANDARD = "gnu++0x";
				CLANG_CXX_LIBRARY = "libc++";
				CLANG_ENABLE_MODULES = YES;
				CLANG_ENABLE_OBJC_ARC = YES;
				CLANG_WARN_BLOCK_CAPTURE_AUTORELEASING = YES;
				CLANG_WARN_BOOL_CONVERSION = YES;
				CLANG_WARN_COMMA = YES;
				CLANG_WARN_CONSTANT_CONVERSION = YES;
				CLANG_WARN_DIRECT_OBJC_ISA_USAGE = YES_ERROR;
				CLANG_WARN_EMPTY_BODY = YES;
				CLANG_WARN_ENUM_CONVERSION = YES;
				CLANG_WARN_INFINITE_RECURSION = YES;
				CLANG_WARN_INT_CONVERSION = YES;
				CLANG_WARN_NON_LITERAL_NULL_CONVERSION = YES;
				CLANG_WARN_OBJC_LITERAL_CONVERSION = YES;
				CLANG_WARN_OBJC_ROOT_CLASS = YES_ERROR;
				CLANG_WARN_RANGE_LOOP_ANALYSIS = YES;
				CLANG_WARN_STRICT_PROTOTYPES = YES;
				CLANG_WARN_SUSPICIOUS_MOVE = YES;
				CLANG_WARN_UNREACHABLE_CODE = YES;
				CLANG_WARN__DUPLICATE_METHOD_MATCH = YES;
				CODE_SIGN_IDENTITY = "-";
				COPY_PHASE_STRIP = NO;
				ENABLE_STRICT_OBJC_MSGSEND = YES;
				ENABLE_TESTABILITY = YES;
				GCC_C_LANGUAGE_STANDARD = gnu99;
				GCC_DYNAMIC_NO_PIC = NO;
				GCC_NO_COMMON_BLOCKS = YES;
				GCC_OPTIMIZATION_LEVEL = 0;
				GCC_PREPROCESSOR_DEFINITIONS = (
					"DEBUG=1",
					"$(inherited)",
				);
				GCC_SYMBOLS_PRIVATE_EXTERN = NO;
				GCC_WARN_64_TO_32_BIT_CONVERSION = YES;
				GCC_WARN_ABOUT_RETURN_TYPE = YES_ERROR;
				GCC_WARN_UNDECLARED_SELECTOR = YES;
				GCC_WARN_UNINITIALIZED_AUTOS = YES_AGGRESSIVE;
				GCC_WARN_UNUSED_FUNCTION = YES;
				GCC_WARN_UNUSED_VARIABLE = YES;
				MACOSX_DEPLOYMENT_TARGET = 10.10;
				MTL_ENABLE_DEBUG_INFO = YES;
				ONLY_ACTIVE_ARCH = YES;
				SDKROOT = macosx;
				SWIFT_OPTIMIZATION_LEVEL = "-Onone";
			};
			name = Debug;
		};
		C9307BCB19DCCA3C002AFF07 /* Release */ = {
			isa = XCBuildConfiguration;
			buildSettings = {
				ALWAYS_SEARCH_USER_PATHS = NO;
				CLANG_CXX_LANGUAGE_STANDARD = "gnu++0x";
				CLANG_CXX_LIBRARY = "libc++";
				CLANG_ENABLE_MODULES = YES;
				CLANG_ENABLE_OBJC_ARC = YES;
				CLANG_WARN_BLOCK_CAPTURE_AUTORELEASING = YES;
				CLANG_WARN_BOOL_CONVERSION = YES;
				CLANG_WARN_COMMA = YES;
				CLANG_WARN_CONSTANT_CONVERSION = YES;
				CLANG_WARN_DIRECT_OBJC_ISA_USAGE = YES_ERROR;
				CLANG_WARN_EMPTY_BODY = YES;
				CLANG_WARN_ENUM_CONVERSION = YES;
				CLANG_WARN_INFINITE_RECURSION = YES;
				CLANG_WARN_INT_CONVERSION = YES;
				CLANG_WARN_NON_LITERAL_NULL_CONVERSION = YES;
				CLANG_WARN_OBJC_LITERAL_CONVERSION = YES;
				CLANG_WARN_OBJC_ROOT_CLASS = YES_ERROR;
				CLANG_WARN_RANGE_LOOP_ANALYSIS = YES;
				CLANG_WARN_STRICT_PROTOTYPES = YES;
				CLANG_WARN_SUSPICIOUS_MOVE = YES;
				CLANG_WARN_UNREACHABLE_CODE = YES;
				CLANG_WARN__DUPLICATE_METHOD_MATCH = YES;
				CODE_SIGN_IDENTITY = "-";
				COPY_PHASE_STRIP = YES;
				DEBUG_INFORMATION_FORMAT = "dwarf-with-dsym";
				ENABLE_NS_ASSERTIONS = NO;
				ENABLE_STRICT_OBJC_MSGSEND = YES;
				GCC_C_LANGUAGE_STANDARD = gnu99;
				GCC_NO_COMMON_BLOCKS = YES;
				GCC_WARN_64_TO_32_BIT_CONVERSION = YES;
				GCC_WARN_ABOUT_RETURN_TYPE = YES_ERROR;
				GCC_WARN_UNDECLARED_SELECTOR = YES;
				GCC_WARN_UNINITIALIZED_AUTOS = YES_AGGRESSIVE;
				GCC_WARN_UNUSED_FUNCTION = YES;
				GCC_WARN_UNUSED_VARIABLE = YES;
				MACOSX_DEPLOYMENT_TARGET = 10.10;
				MTL_ENABLE_DEBUG_INFO = NO;
				SDKROOT = macosx;
				SWIFT_OPTIMIZATION_LEVEL = "-Owholemodule";
			};
			name = Release;
		};
		C9307BCD19DCCA3C002AFF07 /* Debug */ = {
			isa = XCBuildConfiguration;
			buildSettings = {
				ALWAYS_SEARCH_USER_PATHS = NO;
				ASSETCATALOG_COMPILER_APPICON_NAME = AppIcon;
				CLANG_CXX_LIBRARY = "libc++";
				CODE_SIGN_IDENTITY = "Mac Developer";
				"CODE_SIGN_IDENTITY[sdk=macosx*]" = "Mac Developer";
				CODE_SIGN_STYLE = Automatic;
				COMBINE_HIDPI_IMAGES = YES;
				DEVELOPMENT_TEAM = 2ZV6Q2H5B8;
				HEADER_SEARCH_PATHS = (
					"$(inherited)",
					/Applications/Xcode.app/Contents/Developer/Toolchains/XcodeDefault.xctoolchain/usr/include,
				);
				INFOPLIST_FILE = Plexus/Info.plist;
				LD_RUNPATH_SEARCH_PATHS = "$(inherited) @executable_path/../Frameworks";
				MACOSX_DEPLOYMENT_TARGET = 10.12;
				OPENCL_COMPILER_VERSION = CL1.2;
				PRODUCT_BUNDLE_IDENTIFIER = "edu.scu.$(PRODUCT_NAME:rfc1034identifier)";
				PRODUCT_NAME = "$(TARGET_NAME)";
				PROVISIONING_PROFILE = "";
				PROVISIONING_PROFILE_SPECIFIER = "";
				SWIFT_OBJC_BRIDGING_HEADER = "Plexus/Bridging-Header.h";
				SWIFT_VERSION = 3.0;
			};
			name = Debug;
		};
		C9307BCE19DCCA3C002AFF07 /* Release */ = {
			isa = XCBuildConfiguration;
			buildSettings = {
				ALWAYS_SEARCH_USER_PATHS = NO;
				ASSETCATALOG_COMPILER_APPICON_NAME = AppIcon;
				CLANG_CXX_LIBRARY = "libc++";
				CODE_SIGN_IDENTITY = "Mac Developer";
				"CODE_SIGN_IDENTITY[sdk=macosx*]" = "Mac Developer";
				CODE_SIGN_STYLE = Automatic;
				COMBINE_HIDPI_IMAGES = YES;
				DEVELOPMENT_TEAM = 2ZV6Q2H5B8;
				HEADER_SEARCH_PATHS = (
					"$(inherited)",
					/Applications/Xcode.app/Contents/Developer/Toolchains/XcodeDefault.xctoolchain/usr/include,
				);
				INFOPLIST_FILE = Plexus/Info.plist;
				LD_RUNPATH_SEARCH_PATHS = "$(inherited) @executable_path/../Frameworks";
				MACOSX_DEPLOYMENT_TARGET = 10.12;
				OPENCL_COMPILER_VERSION = CL1.2;
				PRODUCT_BUNDLE_IDENTIFIER = "edu.scu.$(PRODUCT_NAME:rfc1034identifier)";
				PRODUCT_NAME = "$(TARGET_NAME)";
				PROVISIONING_PROFILE = "";
				PROVISIONING_PROFILE_SPECIFIER = "";
				SWIFT_OBJC_BRIDGING_HEADER = "Plexus/Bridging-Header.h";
				SWIFT_VERSION = 3.0;
			};
			name = Release;
		};
/* End XCBuildConfiguration section */

/* Begin XCConfigurationList section */
		C9307BA819DCCA3B002AFF07 /* Build configuration list for PBXProject "Plexus" */ = {
			isa = XCConfigurationList;
			buildConfigurations = (
				C9307BCA19DCCA3C002AFF07 /* Debug */,
				C9307BCB19DCCA3C002AFF07 /* Release */,
			);
			defaultConfigurationIsVisible = 0;
			defaultConfigurationName = Release;
		};
		C9307BCC19DCCA3C002AFF07 /* Build configuration list for PBXNativeTarget "Plexus" */ = {
			isa = XCConfigurationList;
			buildConfigurations = (
				C9307BCD19DCCA3C002AFF07 /* Debug */,
				C9307BCE19DCCA3C002AFF07 /* Release */,
			);
			defaultConfigurationIsVisible = 0;
			defaultConfigurationName = Release;
		};
/* End XCConfigurationList section */

/* Begin XCVersionGroup section */
		C9307BB619DCCA3B002AFF07 /* Plexus.xcdatamodeld */ = {
			isa = XCVersionGroup;
			children = (
				C9307BB719DCCA3B002AFF07 /* Plexus.xcdatamodel */,
			);
			currentVersion = C9307BB719DCCA3B002AFF07 /* Plexus.xcdatamodel */;
			path = Plexus.xcdatamodeld;
			sourceTree = "<group>";
			versionGroupType = wrapper.xcdatamodel;
		};
/* End XCVersionGroup section */
	};
	rootObject = C9307BA519DCCA3B002AFF07 /* Project object */;
}
